// !$*UTF8*$!
{
	archiveVersion = 1;
	classes = {
	};
	objectVersion = 50;
	objects = {

/* Begin PBXBuildFile section */
		10783603275497B10014527A /* HistoryViewController.swift in Sources */ = {isa = PBXBuildFile; fileRef = 10783602275497B10014527A /* HistoryViewController.swift */; };
		107836072754A07D0014527A /* HistoryTableViewCell.swift in Sources */ = {isa = PBXBuildFile; fileRef = 107836062754A07D0014527A /* HistoryTableViewCell.swift */; };
		1078360C2754B0F40014527A /* LocalHistory.swift in Sources */ = {isa = PBXBuildFile; fileRef = 1078360B2754B0F40014527A /* LocalHistory.swift */; };
		10C56FC4274B6530005E809D /* AppDelegate.swift in Sources */ = {isa = PBXBuildFile; fileRef = 10C56FC3274B6530005E809D /* AppDelegate.swift */; };
		10C56FC9274B6530005E809D /* Main.storyboard in Resources */ = {isa = PBXBuildFile; fileRef = 10C56FC7274B6530005E809D /* Main.storyboard */; };
		10C56FCB274B6532005E809D /* Assets.xcassets in Resources */ = {isa = PBXBuildFile; fileRef = 10C56FCA274B6532005E809D /* Assets.xcassets */; };
		10C56FCE274B6532005E809D /* LaunchScreen.storyboard in Resources */ = {isa = PBXBuildFile; fileRef = 10C56FCC274B6532005E809D /* LaunchScreen.storyboard */; };
		10C56FD6274B6710005E809D /* ScannerViewController.swift in Sources */ = {isa = PBXBuildFile; fileRef = 10C56FD5274B6710005E809D /* ScannerViewController.swift */; };
		10C56FD8274B698A005E809D /* DetailsViewController.swift in Sources */ = {isa = PBXBuildFile; fileRef = 10C56FD7274B698A005E809D /* DetailsViewController.swift */; };
		10C56FDA274B7EA1005E809D /* ViewController.swift in Sources */ = {isa = PBXBuildFile; fileRef = 10C56FD9274B7EA1005E809D /* ViewController.swift */; };
		10C56FDC274B8C02005E809D /* ImageScannerViewController.swift in Sources */ = {isa = PBXBuildFile; fileRef = 10C56FDB274B8C02005E809D /* ImageScannerViewController.swift */; };
		10C56FDE274BA59F005E809D /* qr-code.png in Resources */ = {isa = PBXBuildFile; fileRef = 10C56FDD274BA59F005E809D /* qr-code.png */; };
		10D1ECBC274CD8EC00C2066A /* qr-code (1).png in Resources */ = {isa = PBXBuildFile; fileRef = 10D1ECBB274CD8EB00C2066A /* qr-code (1).png */; };
		10D1ECBE274CF94100C2066A /* louis-reed-pwcKF7L4-no-unsplash.jpg in Resources */ = {isa = PBXBuildFile; fileRef = 10D1ECBD274CF94100C2066A /* louis-reed-pwcKF7L4-no-unsplash.jpg */; };
		10E8561927670DA0007EBC93 /* Constants.swift in Sources */ = {isa = PBXBuildFile; fileRef = 10E8561827670DA0007EBC93 /* Constants.swift */; };
/* End PBXBuildFile section */

/* Begin PBXFileReference section */
		10783602275497B10014527A /* HistoryViewController.swift */ = {isa = PBXFileReference; lastKnownFileType = sourcecode.swift; path = HistoryViewController.swift; sourceTree = "<group>"; };
		107836062754A07D0014527A /* HistoryTableViewCell.swift */ = {isa = PBXFileReference; lastKnownFileType = sourcecode.swift; path = HistoryTableViewCell.swift; sourceTree = "<group>"; };
		1078360B2754B0F40014527A /* LocalHistory.swift */ = {isa = PBXFileReference; lastKnownFileType = sourcecode.swift; path = LocalHistory.swift; sourceTree = "<group>"; };
		10C56FC0274B6530005E809D /* QR_Code Scanner.app */ = {isa = PBXFileReference; explicitFileType = wrapper.application; includeInIndex = 0; path = "QR_Code Scanner.app"; sourceTree = BUILT_PRODUCTS_DIR; };
		10C56FC3274B6530005E809D /* AppDelegate.swift */ = {isa = PBXFileReference; lastKnownFileType = sourcecode.swift; path = AppDelegate.swift; sourceTree = "<group>"; };
		10C56FC8274B6530005E809D /* Base */ = {isa = PBXFileReference; lastKnownFileType = file.storyboard; name = Base; path = Base.lproj/Main.storyboard; sourceTree = "<group>"; };
		10C56FCA274B6532005E809D /* Assets.xcassets */ = {isa = PBXFileReference; lastKnownFileType = folder.assetcatalog; path = Assets.xcassets; sourceTree = "<group>"; };
		10C56FCD274B6532005E809D /* Base */ = {isa = PBXFileReference; lastKnownFileType = file.storyboard; name = Base; path = Base.lproj/LaunchScreen.storyboard; sourceTree = "<group>"; };
		10C56FCF274B6532005E809D /* Info.plist */ = {isa = PBXFileReference; lastKnownFileType = text.plist.xml; path = Info.plist; sourceTree = "<group>"; };
		10C56FD5274B6710005E809D /* ScannerViewController.swift */ = {isa = PBXFileReference; lastKnownFileType = sourcecode.swift; path = ScannerViewController.swift; sourceTree = "<group>"; };
		10C56FD7274B698A005E809D /* DetailsViewController.swift */ = {isa = PBXFileReference; lastKnownFileType = sourcecode.swift; path = DetailsViewController.swift; sourceTree = "<group>"; };
		10C56FD9274B7EA1005E809D /* ViewController.swift */ = {isa = PBXFileReference; lastKnownFileType = sourcecode.swift; path = ViewController.swift; sourceTree = "<group>"; };
		10C56FDB274B8C02005E809D /* ImageScannerViewController.swift */ = {isa = PBXFileReference; lastKnownFileType = sourcecode.swift; path = ImageScannerViewController.swift; sourceTree = "<group>"; };
		10C56FDD274BA59F005E809D /* qr-code.png */ = {isa = PBXFileReference; lastKnownFileType = image.png; path = "qr-code.png"; sourceTree = "<group>"; };
		10D1ECBB274CD8EB00C2066A /* qr-code (1).png */ = {isa = PBXFileReference; lastKnownFileType = image.png; path = "qr-code (1).png"; sourceTree = "<group>"; };
		10D1ECBD274CF94100C2066A /* louis-reed-pwcKF7L4-no-unsplash.jpg */ = {isa = PBXFileReference; lastKnownFileType = image.jpeg; path = "louis-reed-pwcKF7L4-no-unsplash.jpg"; sourceTree = "<group>"; };
		10E8561827670DA0007EBC93 /* Constants.swift */ = {isa = PBXFileReference; lastKnownFileType = sourcecode.swift; path = Constants.swift; sourceTree = "<group>"; };
/* End PBXFileReference section */

/* Begin PBXFrameworksBuildPhase section */
		10C56FBD274B6530005E809D /* Frameworks */ = {
			isa = PBXFrameworksBuildPhase;
			buildActionMask = 2147483647;
			files = (
			);
			runOnlyForDeploymentPostprocessing = 0;
		};
/* End PBXFrameworksBuildPhase section */

/* Begin PBXGroup section */
		107836052754A0550014527A /* Cells */ = {
			isa = PBXGroup;
			children = (
				107836062754A07D0014527A /* HistoryTableViewCell.swift */,
			);
			path = Cells;
			sourceTree = "<group>";
		};
		107836082754B0A80014527A /* Model */ = {
			isa = PBXGroup;
			children = (
				1078360B2754B0F40014527A /* LocalHistory.swift */,
			);
			path = Model;
			sourceTree = "<group>";
		};
		10C56FB7274B6530005E809D = {
			isa = PBXGroup;
			children = (
				10C56FC2274B6530005E809D /* QR_Code Scanner */,
				10C56FC1274B6530005E809D /* Products */,
			);
			sourceTree = "<group>";
		};
		10C56FC1274B6530005E809D /* Products */ = {
			isa = PBXGroup;
			children = (
				10C56FC0274B6530005E809D /* QR_Code Scanner.app */,
			);
			name = Products;
			sourceTree = "<group>";
		};
		10C56FC2274B6530005E809D /* QR_Code Scanner */ = {
			isa = PBXGroup;
			children = (
				10C56FC3274B6530005E809D /* AppDelegate.swift */,
				10C56FCA274B6532005E809D /* Assets.xcassets */,
				10C56FCF274B6532005E809D /* Info.plist */,
				10F1B576274E419400548C1E /* View */,
				107836082754B0A80014527A /* Model */,
				107836052754A0550014527A /* Cells */,
				10F1B575274E418700548C1E /* Controllers */,
				10C56FCC274B6532005E809D /* LaunchScreen.storyboard */,
				10C56FDD274BA59F005E809D /* qr-code.png */,
				10D1ECBB274CD8EB00C2066A /* qr-code (1).png */,
				10D1ECBD274CF94100C2066A /* louis-reed-pwcKF7L4-no-unsplash.jpg */,
				10E8561827670DA0007EBC93 /* Constants.swift */,
			);
			path = "QR_Code Scanner";
			sourceTree = "<group>";
		};
		10F1B575274E418700548C1E /* Controllers */ = {
			isa = PBXGroup;
			children = (
				10C56FD9274B7EA1005E809D /* ViewController.swift */,
				10C56FD5274B6710005E809D /* ScannerViewController.swift */,
				10C56FDB274B8C02005E809D /* ImageScannerViewController.swift */,
				10C56FD7274B698A005E809D /* DetailsViewController.swift */,
				10783602275497B10014527A /* HistoryViewController.swift */,
			);
			path = Controllers;
			sourceTree = "<group>";
		};
		10F1B576274E419400548C1E /* View */ = {
			isa = PBXGroup;
			children = (
				10C56FC7274B6530005E809D /* Main.storyboard */,
			);
			path = View;
			sourceTree = "<group>";
		};
/* End PBXGroup section */

/* Begin PBXNativeTarget section */
		10C56FBF274B6530005E809D /* QR_Code Scanner */ = {
			isa = PBXNativeTarget;
			buildConfigurationList = 10C56FD2274B6532005E809D /* Build configuration list for PBXNativeTarget "QR_Code Scanner" */;
			buildPhases = (
				10C56FBC274B6530005E809D /* Sources */,
				10C56FBD274B6530005E809D /* Frameworks */,
				10C56FBE274B6530005E809D /* Resources */,
			);
			buildRules = (
			);
			dependencies = (
			);
			name = "QR_Code Scanner";
			productName = "QR_Code Scanner";
			productReference = 10C56FC0274B6530005E809D /* QR_Code Scanner.app */;
			productType = "com.apple.product-type.application";
		};
/* End PBXNativeTarget section */

/* Begin PBXProject section */
		10C56FB8274B6530005E809D /* Project object */ = {
			isa = PBXProject;
			attributes = {
				LastSwiftUpdateCheck = 1000;
				LastUpgradeCheck = 1000;
				ORGANIZATIONNAME = nayan.khadase;
				TargetAttributes = {
					10C56FBF274B6530005E809D = {
						CreatedOnToolsVersion = 10.0;
					};
				};
			};
			buildConfigurationList = 10C56FBB274B6530005E809D /* Build configuration list for PBXProject "QR_Code Scanner" */;
			compatibilityVersion = "Xcode 9.3";
			developmentRegion = en;
			hasScannedForEncodings = 0;
			knownRegions = (
				en,
				Base,
			);
			mainGroup = 10C56FB7274B6530005E809D;
			productRefGroup = 10C56FC1274B6530005E809D /* Products */;
			projectDirPath = "";
			projectRoot = "";
			targets = (
				10C56FBF274B6530005E809D /* QR_Code Scanner */,
			);
		};
/* End PBXProject section */

/* Begin PBXResourcesBuildPhase section */
		10C56FBE274B6530005E809D /* Resources */ = {
			isa = PBXResourcesBuildPhase;
			buildActionMask = 2147483647;
			files = (
				10C56FCE274B6532005E809D /* LaunchScreen.storyboard in Resources */,
				10D1ECBE274CF94100C2066A /* louis-reed-pwcKF7L4-no-unsplash.jpg in Resources */,
				10C56FDE274BA59F005E809D /* qr-code.png in Resources */,
				10D1ECBC274CD8EC00C2066A /* qr-code (1).png in Resources */,
				10C56FCB274B6532005E809D /* Assets.xcassets in Resources */,
				10C56FC9274B6530005E809D /* Main.storyboard in Resources */,
			);
			runOnlyForDeploymentPostprocessing = 0;
		};
/* End PBXResourcesBuildPhase section */

/* Begin PBXSourcesBuildPhase section */
		10C56FBC274B6530005E809D /* Sources */ = {
			isa = PBXSourcesBuildPhase;
			buildActionMask = 2147483647;
			files = (
				10C56FD6274B6710005E809D /* ScannerViewController.swift in Sources */,
				10C56FC4274B6530005E809D /* AppDelegate.swift in Sources */,
				1078360C2754B0F40014527A /* LocalHistory.swift in Sources */,
				107836072754A07D0014527A /* HistoryTableViewCell.swift in Sources */,
				10C56FDA274B7EA1005E809D /* ViewController.swift in Sources */,
				10783603275497B10014527A /* HistoryViewController.swift in Sources */,
				10C56FDC274B8C02005E809D /* ImageScannerViewController.swift in Sources */,
				10C56FD8274B698A005E809D /* DetailsViewController.swift in Sources */,
				10E8561927670DA0007EBC93 /* Constants.swift in Sources */,
			);
			runOnlyForDeploymentPostprocessing = 0;
		};
/* End PBXSourcesBuildPhase section */

/* Begin PBXVariantGroup section */
		10C56FC7274B6530005E809D /* Main.storyboard */ = {
			isa = PBXVariantGroup;
			children = (
				10C56FC8274B6530005E809D /* Base */,
			);
			name = Main.storyboard;
			sourceTree = "<group>";
		};
		10C56FCC274B6532005E809D /* LaunchScreen.storyboard */ = {
			isa = PBXVariantGroup;
			children = (
				10C56FCD274B6532005E809D /* Base */,
			);
			name = LaunchScreen.storyboard;
			sourceTree = "<group>";
		};
/* End PBXVariantGroup section */

/* Begin XCBuildConfiguration section */
		10C56FD0274B6532005E809D /* Debug */ = {
			isa = XCBuildConfiguration;
			buildSettings = {
				ALWAYS_SEARCH_USER_PATHS = NO;
				CLANG_ANALYZER_NONNULL = YES;
				CLANG_ANALYZER_NUMBER_OBJECT_CONVERSION = YES_AGGRESSIVE;
				CLANG_CXX_LANGUAGE_STANDARD = "gnu++14";
				CLANG_CXX_LIBRARY = "libc++";
				CLANG_ENABLE_MODULES = YES;
				CLANG_ENABLE_OBJC_ARC = YES;
				CLANG_ENABLE_OBJC_WEAK = YES;
				CLANG_WARN_BLOCK_CAPTURE_AUTORELEASING = YES;
				CLANG_WARN_BOOL_CONVERSION = YES;
				CLANG_WARN_COMMA = YES;
				CLANG_WARN_CONSTANT_CONVERSION = YES;
				CLANG_WARN_DEPRECATED_OBJC_IMPLEMENTATIONS = YES;
				CLANG_WARN_DIRECT_OBJC_ISA_USAGE = YES_ERROR;
				CLANG_WARN_DOCUMENTATION_COMMENTS = YES;
				CLANG_WARN_EMPTY_BODY = YES;
				CLANG_WARN_ENUM_CONVERSION = YES;
				CLANG_WARN_INFINITE_RECURSION = YES;
				CLANG_WARN_INT_CONVERSION = YES;
				CLANG_WARN_NON_LITERAL_NULL_CONVERSION = YES;
				CLANG_WARN_OBJC_IMPLICIT_RETAIN_SELF = YES;
				CLANG_WARN_OBJC_LITERAL_CONVERSION = YES;
				CLANG_WARN_OBJC_ROOT_CLASS = YES_ERROR;
				CLANG_WARN_RANGE_LOOP_ANALYSIS = YES;
				CLANG_WARN_STRICT_PROTOTYPES = YES;
				CLANG_WARN_SUSPICIOUS_MOVE = YES;
				CLANG_WARN_UNGUARDED_AVAILABILITY = YES_AGGRESSIVE;
				CLANG_WARN_UNREACHABLE_CODE = YES;
				CLANG_WARN__DUPLICATE_METHOD_MATCH = YES;
				CODE_SIGN_IDENTITY = "iPhone Developer";
				COPY_PHASE_STRIP = NO;
				DEBUG_INFORMATION_FORMAT = dwarf;
				DEVELOPMENT_TEAM = 5HQ3ZZS739;
				ENABLE_STRICT_OBJC_MSGSEND = YES;
				ENABLE_TESTABILITY = YES;
				GCC_C_LANGUAGE_STANDARD = gnu11;
				GCC_DYNAMIC_NO_PIC = NO;
				GCC_NO_COMMON_BLOCKS = YES;
				GCC_OPTIMIZATION_LEVEL = 0;
				GCC_PREPROCESSOR_DEFINITIONS = (
					"DEBUG=1",
					"$(inherited)",
				);
				GCC_WARN_64_TO_32_BIT_CONVERSION = YES;
				GCC_WARN_ABOUT_RETURN_TYPE = YES_ERROR;
				GCC_WARN_UNDECLARED_SELECTOR = YES;
				GCC_WARN_UNINITIALIZED_AUTOS = YES_AGGRESSIVE;
				GCC_WARN_UNUSED_FUNCTION = YES;
				GCC_WARN_UNUSED_VARIABLE = YES;
				IPHONEOS_DEPLOYMENT_TARGET = 10.0;
				MTL_ENABLE_DEBUG_INFO = INCLUDE_SOURCE;
				MTL_FAST_MATH = YES;
				ONLY_ACTIVE_ARCH = YES;
				SDKROOT = iphoneos;
				SWIFT_ACTIVE_COMPILATION_CONDITIONS = DEBUG;
				SWIFT_OPTIMIZATION_LEVEL = "-Onone";
			};
			name = Debug;
		};
		10C56FD1274B6532005E809D /* Release */ = {
			isa = XCBuildConfiguration;
			buildSettings = {
				ALWAYS_SEARCH_USER_PATHS = NO;
				CLANG_ANALYZER_NONNULL = YES;
				CLANG_ANALYZER_NUMBER_OBJECT_CONVERSION = YES_AGGRESSIVE;
				CLANG_CXX_LANGUAGE_STANDARD = "gnu++14";
				CLANG_CXX_LIBRARY = "libc++";
				CLANG_ENABLE_MODULES = YES;
				CLANG_ENABLE_OBJC_ARC = YES;
				CLANG_ENABLE_OBJC_WEAK = YES;
				CLANG_WARN_BLOCK_CAPTURE_AUTORELEASING = YES;
				CLANG_WARN_BOOL_CONVERSION = YES;
				CLANG_WARN_COMMA = YES;
				CLANG_WARN_CONSTANT_CONVERSION = YES;
				CLANG_WARN_DEPRECATED_OBJC_IMPLEMENTATIONS = YES;
				CLANG_WARN_DIRECT_OBJC_ISA_USAGE = YES_ERROR;
				CLANG_WARN_DOCUMENTATION_COMMENTS = YES;
				CLANG_WARN_EMPTY_BODY = YES;
				CLANG_WARN_ENUM_CONVERSION = YES;
				CLANG_WARN_INFINITE_RECURSION = YES;
				CLANG_WARN_INT_CONVERSION = YES;
				CLANG_WARN_NON_LITERAL_NULL_CONVERSION = YES;
				CLANG_WARN_OBJC_IMPLICIT_RETAIN_SELF = YES;
				CLANG_WARN_OBJC_LITERAL_CONVERSION = YES;
				CLANG_WARN_OBJC_ROOT_CLASS = YES_ERROR;
				CLANG_WARN_RANGE_LOOP_ANALYSIS = YES;
				CLANG_WARN_STRICT_PROTOTYPES = YES;
				CLANG_WARN_SUSPICIOUS_MOVE = YES;
				CLANG_WARN_UNGUARDED_AVAILABILITY = YES_AGGRESSIVE;
				CLANG_WARN_UNREACHABLE_CODE = YES;
				CLANG_WARN__DUPLICATE_METHOD_MATCH = YES;
				CODE_SIGN_IDENTITY = "iPhone Developer";
				COPY_PHASE_STRIP = NO;
				DEBUG_INFORMATION_FORMAT = "dwarf-with-dsym";
				DEVELOPMENT_TEAM = 5HQ3ZZS739;
				ENABLE_NS_ASSERTIONS = NO;
				ENABLE_STRICT_OBJC_MSGSEND = YES;
				GCC_C_LANGUAGE_STANDARD = gnu11;
				GCC_NO_COMMON_BLOCKS = YES;
				GCC_WARN_64_TO_32_BIT_CONVERSION = YES;
				GCC_WARN_ABOUT_RETURN_TYPE = YES_ERROR;
				GCC_WARN_UNDECLARED_SELECTOR = YES;
				GCC_WARN_UNINITIALIZED_AUTOS = YES_AGGRESSIVE;
				GCC_WARN_UNUSED_FUNCTION = YES;
				GCC_WARN_UNUSED_VARIABLE = YES;
				IPHONEOS_DEPLOYMENT_TARGET = 10.0;
				MTL_ENABLE_DEBUG_INFO = NO;
				MTL_FAST_MATH = YES;
				SDKROOT = iphoneos;
				SWIFT_COMPILATION_MODE = wholemodule;
				SWIFT_OPTIMIZATION_LEVEL = "-O";
				VALIDATE_PRODUCT = YES;
			};
			name = Release;
		};
		10C56FD3274B6532005E809D /* Debug */ = {
			isa = XCBuildConfiguration;
			buildSettings = {
				ASSETCATALOG_COMPILER_APPICON_NAME = "AppIcon-1";
				CODE_SIGN_IDENTITY = "iPhone Developer";
				CODE_SIGN_STYLE = Automatic;
				DEVELOPMENT_TEAM = 5HQ3ZZS739;
				INFOPLIST_FILE = "QR_Code Scanner/Info.plist";
				IPHONEOS_DEPLOYMENT_TARGET = 10.0;
				LD_RUNPATH_SEARCH_PATHS = (
					"$(inherited)",
					"@executable_path/Frameworks",
				);
				PRODUCT_BUNDLE_IDENTIFIER = com.nayannayanQRcode1;
				PRODUCT_NAME = "$(TARGET_NAME)";
				PROVISIONING_PROFILE_SPECIFIER = "";
				SWIFT_VERSION = 4.2;
				TARGETED_DEVICE_FAMILY = 1;
			};
			name = Debug;
		};
		10C56FD4274B6532005E809D /* Release */ = {
			isa = XCBuildConfiguration;
			buildSettings = {
				ASSETCATALOG_COMPILER_APPICON_NAME = "AppIcon-1";
				CODE_SIGN_IDENTITY = "iPhone Developer";
				CODE_SIGN_STYLE = Automatic;
				DEVELOPMENT_TEAM = 5HQ3ZZS739;
				INFOPLIST_FILE = "QR_Code Scanner/Info.plist";
				IPHONEOS_DEPLOYMENT_TARGET = 10.0;
				LD_RUNPATH_SEARCH_PATHS = (
					"$(inherited)",
					"@executable_path/Frameworks",
				);
				PRODUCT_BUNDLE_IDENTIFIER = com.nayannayanQRcode1;
				PRODUCT_NAME = "$(TARGET_NAME)";
				PROVISIONING_PROFILE_SPECIFIER = "";
				SWIFT_VERSION = 4.2;
				TARGETED_DEVICE_FAMILY = 1;
			};
			name = Release;
		};
/* End XCBuildConfiguration section */

/* Begin XCConfigurationList section */
		10C56FBB274B6530005E809D /* Build configuration list for PBXProject "QR_Code Scanner" */ = {
			isa = XCConfigurationList;
			buildConfigurations = (
				10C56FD0274B6532005E809D /* Debug */,
				10C56FD1274B6532005E809D /* Release */,
			);
			defaultConfigurationIsVisible = 0;
			defaultConfigurationName = Debug;
		};
		10C56FD2274B6532005E809D /* Build configuration list for PBXNativeTarget "QR_Code Scanner" */ = {
			isa = XCConfigurationList;
			buildConfigurations = (
				10C56FD3274B6532005E809D /* Debug */,
				10C56FD4274B6532005E809D /* Release */,
			);
			defaultConfigurationIsVisible = 0;
			defaultConfigurationName = Debug;
		};
/* End XCConfigurationList section */
	};
	rootObject = 10C56FB8274B6530005E809D /* Project object */;
}
